
Microsoft Visual Studio Solution File, Format Version 12.00
# Visual Studio 15
VisualStudioVersion = 15.0.26430.6
MinimumVisualStudioVersion = 10.0.40219.1
Project("{FAE04EC0-301F-11D3-BF4B-00C04F79EFBC}") = "Automata Graph Generator", "Automata Graph Generator.csproj", "{747406BC-D857-4E3A-A73A-E27C1FB62DEF}"
EndProject
Global
	GlobalSection(SolutionConfigurationPlatforms) = preSolution
		Debug|Any CPU = Debug|Any CPU
		Release|Any CPU = Release|Any CPU
	EndGlobalSection
	GlobalSection(ProjectConfigurationPlatforms) = postSolution
		{747406BC-D857-4E3A-A73A-E27C1FB62DEF}.Debug|Any CPU.ActiveCfg = Debug|Any CPU
		{747406BC-D857-4E3A-A73A-E27C1FB62DEF}.Debug|Any CPU.Build.0 = Debug|Any CPU
		{747406BC-D857-4E3A-A73A-E27C1FB62DEF}.Release|Any CPU.ActiveCfg = Release|Any CPU
		{747406BC-D857-4E3A-A73A-E27C1FB62DEF}.Release|Any CPU.Build.0 = Release|Any CPU
	EndGlobalSection
	GlobalSection(SolutionProperties) = preSolution
		HideSolutionNode = FALSE
	EndGlobalSection
EndGlobal
